
Microsoft Visual Studio Solution File, Format Version 12.00
# Visual Studio Version 16
VisualStudioVersion = 16.0.31515.178
MinimumVisualStudioVersion = 10.0.40219.1
Project("{FAE04EC0-301F-11D3-BF4B-00C04F79EFBC}") = "TestWeb", "TestWeb\TestWeb.csproj", "{F5161B5E-F442-4079-9B68-0B41D7886167}"
EndProject
Global
	GlobalSection(SolutionConfigurationPlatforms) = preSolution
		Debug|Any CPU = Debug|Any CPU
		Release|Any CPU = Release|Any CPU
	EndGlobalSection
	GlobalSection(ProjectConfigurationPlatforms) = postSolution
		{F5161B5E-F442-4079-9B68-0B41D7886167}.Debug|Any CPU.ActiveCfg = Debug|Any CPU
		{F5161B5E-F442-4079-9B68-0B41D7886167}.Debug|Any CPU.Build.0 = Debug|Any CPU
		{F5161B5E-F442-4079-9B68-0B41D7886167}.Release|Any CPU.ActiveCfg = Release|Any CPU
		{F5161B5E-F442-4079-9B68-0B41D7886167}.Release|Any CPU.Build.0 = Release|Any CPU
	EndGlobalSection
	GlobalSection(SolutionProperties) = preSolution
		HideSolutionNode = FALSE
	EndGlobalSection
	GlobalSection(ExtensibilityGlobals) = postSolution
		SolutionGuid = {EC5885E7-D81E-4777-ABB3-99F8DB13773F}
	EndGlobalSection
EndGlobal
